// !$*UTF8*$!
{
	archiveVersion = 1;
	classes = {
	};
	objectVersion = 46;
	objects = {

/* Begin PBXBuildFile section */
		56E1E7AD871053B189678065 /* libPods.a in Frameworks */ = {isa = PBXBuildFile; fileRef = 018ED320E2A35DF3CD779203 /* libPods.a */; };
		9F0C6EEC1A7A633900B0BAA2 /* AppDelegate.swift in Sources */ = {isa = PBXBuildFile; fileRef = 9F0C6EEB1A7A633900B0BAA2 /* AppDelegate.swift */; };
		9F0C6EEE1A7A633900B0BAA2 /* ViewController.swift in Sources */ = {isa = PBXBuildFile; fileRef = 9F0C6EED1A7A633900B0BAA2 /* ViewController.swift */; };
		9F0C6EF11A7A633900B0BAA2 /* Main.storyboard in Resources */ = {isa = PBXBuildFile; fileRef = 9F0C6EEF1A7A633900B0BAA2 /* Main.storyboard */; };
		9F0C6EF31A7A633900B0BAA2 /* Images.xcassets in Resources */ = {isa = PBXBuildFile; fileRef = 9F0C6EF21A7A633900B0BAA2 /* Images.xcassets */; };
		9F0C6EF61A7A633900B0BAA2 /* LaunchScreen.xib in Resources */ = {isa = PBXBuildFile; fileRef = 9F0C6EF41A7A633900B0BAA2 /* LaunchScreen.xib */; };
		9F0C6F021A7A633900B0BAA2 /* CartoonVideoTests.swift in Sources */ = {isa = PBXBuildFile; fileRef = 9F0C6F011A7A633900B0BAA2 /* CartoonVideoTests.swift */; };
		9F40F0E01A963B0D007C7FC7 /* Effect.swift in Sources */ = {isa = PBXBuildFile; fileRef = 9F40F0DF1A963B0D007C7FC7 /* Effect.swift */; };
		9F40F0E21A9653D6007C7FC7 /* ViewController in Resources */ = {isa = PBXBuildFile; fileRef = 9F40F0E11A9653D6007C7FC7 /* ViewController */; };
		9F819B3D1A97EC0900C9F2EC /* mzl.jxidcxos.png in Resources */ = {isa = PBXBuildFile; fileRef = 9F819B3C1A97EC0900C9F2EC /* mzl.jxidcxos.png */; };
		9FF324591A99027700F58142 /* AKPickerView.swift in Sources */ = {isa = PBXBuildFile; fileRef = 9FF324581A99027700F58142 /* AKPickerView.swift */; };
/* End PBXBuildFile section */

/* Begin PBXContainerItemProxy section */
		9F0C6EFC1A7A633900B0BAA2 /* PBXContainerItemProxy */ = {
			isa = PBXContainerItemProxy;
			containerPortal = 9F0C6EDE1A7A633900B0BAA2 /* Project object */;
			proxyType = 1;
			remoteGlobalIDString = 9F0C6EE51A7A633900B0BAA2;
			remoteInfo = CartoonVideo;
		};
/* End PBXContainerItemProxy section */

/* Begin PBXCopyFilesBuildPhase section */
		9F40F0DD1A962779007C7FC7 /* CopyFiles */ = {
			isa = PBXCopyFilesBuildPhase;
			buildActionMask = 2147483647;
			dstPath = "";
			dstSubfolderSpec = 10;
			files = (
			);
			runOnlyForDeploymentPostprocessing = 0;
		};
/* End PBXCopyFilesBuildPhase section */

/* Begin PBXFileReference section */
		018ED320E2A35DF3CD779203 /* libPods.a */ = {isa = PBXFileReference; explicitFileType = archive.ar; includeInIndex = 0; path = libPods.a; sourceTree = BUILT_PRODUCTS_DIR; };
		29FE383BA2AE731DEC42707E /* Pods-CartoonVideo.release.xcconfig */ = {isa = PBXFileReference; includeInIndex = 1; lastKnownFileType = text.xcconfig; name = "Pods-CartoonVideo.release.xcconfig"; path = "Pods/Target Support Files/Pods-CartoonVideo/Pods-CartoonVideo.release.xcconfig"; sourceTree = "<group>"; };
		9F0C6EE61A7A633900B0BAA2 /* CartoonVideo.app */ = {isa = PBXFileReference; explicitFileType = wrapper.application; includeInIndex = 0; path = CartoonVideo.app; sourceTree = BUILT_PRODUCTS_DIR; };
		9F0C6EEA1A7A633900B0BAA2 /* Info.plist */ = {isa = PBXFileReference; lastKnownFileType = text.plist.xml; path = Info.plist; sourceTree = "<group>"; };
		9F0C6EEB1A7A633900B0BAA2 /* AppDelegate.swift */ = {isa = PBXFileReference; lastKnownFileType = sourcecode.swift; path = AppDelegate.swift; sourceTree = "<group>"; };
		9F0C6EED1A7A633900B0BAA2 /* ViewController.swift */ = {isa = PBXFileReference; lastKnownFileType = sourcecode.swift; path = ViewController.swift; sourceTree = "<group>"; };
		9F0C6EF01A7A633900B0BAA2 /* Base */ = {isa = PBXFileReference; lastKnownFileType = file.storyboard; name = Base; path = Base.lproj/Main.storyboard; sourceTree = "<group>"; };
		9F0C6EF21A7A633900B0BAA2 /* Images.xcassets */ = {isa = PBXFileReference; lastKnownFileType = folder.assetcatalog; path = Images.xcassets; sourceTree = "<group>"; };
		9F0C6EF51A7A633900B0BAA2 /* Base */ = {isa = PBXFileReference; lastKnownFileType = file.xib; name = Base; path = Base.lproj/LaunchScreen.xib; sourceTree = "<group>"; };
		9F0C6EFB1A7A633900B0BAA2 /* CartoonVideoTests.xctest */ = {isa = PBXFileReference; explicitFileType = wrapper.cfbundle; includeInIndex = 0; path = CartoonVideoTests.xctest; sourceTree = BUILT_PRODUCTS_DIR; };
		9F0C6F001A7A633900B0BAA2 /* Info.plist */ = {isa = PBXFileReference; lastKnownFileType = text.plist.xml; path = Info.plist; sourceTree = "<group>"; };
		9F0C6F011A7A633900B0BAA2 /* CartoonVideoTests.swift */ = {isa = PBXFileReference; lastKnownFileType = sourcecode.swift; path = CartoonVideoTests.swift; sourceTree = "<group>"; };
		9F40F0DF1A963B0D007C7FC7 /* Effect.swift */ = {isa = PBXFileReference; fileEncoding = 4; lastKnownFileType = sourcecode.swift; path = Effect.swift; sourceTree = "<group>"; };
		9F40F0E11A9653D6007C7FC7 /* ViewController */ = {isa = PBXFileReference; fileEncoding = 4; lastKnownFileType = text; name = ViewController; path = ../../../../../Dropbox/ViewController; sourceTree = "<group>"; };
		9F819B3C1A97EC0900C9F2EC /* mzl.jxidcxos.png */ = {isa = PBXFileReference; lastKnownFileType = image.png; path = mzl.jxidcxos.png; sourceTree = "<group>"; };
		9FF324581A99027700F58142 /* AKPickerView.swift */ = {isa = PBXFileReference; fileEncoding = 4; lastKnownFileType = sourcecode.swift; path = AKPickerView.swift; sourceTree = "<group>"; };
		AC64860C5101BAF980D6D37A /* Pods-CartoonVideo.debug.xcconfig */ = {isa = PBXFileReference; includeInIndex = 1; lastKnownFileType = text.xcconfig; name = "Pods-CartoonVideo.debug.xcconfig"; path = "Pods/Target Support Files/Pods-CartoonVideo/Pods-CartoonVideo.debug.xcconfig"; sourceTree = "<group>"; };
/* End PBXFileReference section */

/* Begin PBXFrameworksBuildPhase section */
		9F0C6EE31A7A633900B0BAA2 /* Frameworks */ = {
			isa = PBXFrameworksBuildPhase;
			buildActionMask = 2147483647;
			files = (
				56E1E7AD871053B189678065 /* libPods.a in Frameworks */,
			);
			runOnlyForDeploymentPostprocessing = 0;
		};
		9F0C6EF81A7A633900B0BAA2 /* Frameworks */ = {
			isa = PBXFrameworksBuildPhase;
			buildActionMask = 2147483647;
			files = (
			);
			runOnlyForDeploymentPostprocessing = 0;
		};
/* End PBXFrameworksBuildPhase section */

/* Begin PBXGroup section */
		0A4EEB25C66D206D72B872E4 /* Pods */ = {
			isa = PBXGroup;
			children = (
				AC64860C5101BAF980D6D37A /* Pods-CartoonVideo.debug.xcconfig */,
				29FE383BA2AE731DEC42707E /* Pods-CartoonVideo.release.xcconfig */,
			);
			name = Pods;
			sourceTree = "<group>";
		};
		9F0C6EDD1A7A633900B0BAA2 = {
			isa = PBXGroup;
			children = (
				9F0C6EE81A7A633900B0BAA2 /* CartoonVideo */,
				9F0C6EFE1A7A633900B0BAA2 /* CartoonVideoTests */,
				9F0C6EE71A7A633900B0BAA2 /* Products */,
				0A4EEB25C66D206D72B872E4 /* Pods */,
				BECA8915E8CEB9F70588A4C8 /* Frameworks */,
			);
			sourceTree = "<group>";
		};
		9F0C6EE71A7A633900B0BAA2 /* Products */ = {
			isa = PBXGroup;
			children = (
				9F0C6EE61A7A633900B0BAA2 /* CartoonVideo.app */,
				9F0C6EFB1A7A633900B0BAA2 /* CartoonVideoTests.xctest */,
			);
			name = Products;
			sourceTree = "<group>";
		};
		9F0C6EE81A7A633900B0BAA2 /* CartoonVideo */ = {
			isa = PBXGroup;
			children = (
				9FF324581A99027700F58142 /* AKPickerView.swift */,
				9F0C6EEB1A7A633900B0BAA2 /* AppDelegate.swift */,
				9F0C6EED1A7A633900B0BAA2 /* ViewController.swift */,
				9F40F0E11A9653D6007C7FC7 /* ViewController */,
				9F40F0DF1A963B0D007C7FC7 /* Effect.swift */,
				9F0C6EEF1A7A633900B0BAA2 /* Main.storyboard */,
				9F0C6EF21A7A633900B0BAA2 /* Images.xcassets */,
				9F0C6EF41A7A633900B0BAA2 /* LaunchScreen.xib */,
				9F819B3C1A97EC0900C9F2EC /* mzl.jxidcxos.png */,
				9F0C6EE91A7A633900B0BAA2 /* Supporting Files */,
			);
			path = CartoonVideo;
			sourceTree = "<group>";
		};
		9F0C6EE91A7A633900B0BAA2 /* Supporting Files */ = {
			isa = PBXGroup;
			children = (
				9F0C6EEA1A7A633900B0BAA2 /* Info.plist */,
			);
			name = "Supporting Files";
			sourceTree = "<group>";
		};
		9F0C6EFE1A7A633900B0BAA2 /* CartoonVideoTests */ = {
			isa = PBXGroup;
			children = (
				9F0C6F011A7A633900B0BAA2 /* CartoonVideoTests.swift */,
				9F0C6EFF1A7A633900B0BAA2 /* Supporting Files */,
			);
			path = CartoonVideoTests;
			sourceTree = "<group>";
		};
		9F0C6EFF1A7A633900B0BAA2 /* Supporting Files */ = {
			isa = PBXGroup;
			children = (
				9F0C6F001A7A633900B0BAA2 /* Info.plist */,
			);
			name = "Supporting Files";
			sourceTree = "<group>";
		};
		BECA8915E8CEB9F70588A4C8 /* Frameworks */ = {
			isa = PBXGroup;
			children = (
				018ED320E2A35DF3CD779203 /* libPods.a */,
			);
			name = Frameworks;
			sourceTree = "<group>";
		};
/* End PBXGroup section */

/* Begin PBXNativeTarget section */
		9F0C6EE51A7A633900B0BAA2 /* CartoonVideo */ = {
			isa = PBXNativeTarget;
			buildConfigurationList = 9F0C6F051A7A633900B0BAA2 /* Build configuration list for PBXNativeTarget "CartoonVideo" */;
			buildPhases = (
				017E065461E09399DA68DB5C /* Check Pods Manifest.lock */,
				9F0C6EE21A7A633900B0BAA2 /* Sources */,
				9F0C6EE31A7A633900B0BAA2 /* Frameworks */,
				9F0C6EE41A7A633900B0BAA2 /* Resources */,
				9F40F0DD1A962779007C7FC7 /* CopyFiles */,
				998A089B11D90EDBAB83E653 /* Copy Pods Resources */,
			);
			buildRules = (
			);
			dependencies = (
			);
			name = CartoonVideo;
			productName = CartoonVideo;
			productReference = 9F0C6EE61A7A633900B0BAA2 /* CartoonVideo.app */;
			productType = "com.apple.product-type.application";
		};
		9F0C6EFA1A7A633900B0BAA2 /* CartoonVideoTests */ = {
			isa = PBXNativeTarget;
			buildConfigurationList = 9F0C6F081A7A633900B0BAA2 /* Build configuration list for PBXNativeTarget "CartoonVideoTests" */;
			buildPhases = (
				9F0C6EF71A7A633900B0BAA2 /* Sources */,
				9F0C6EF81A7A633900B0BAA2 /* Frameworks */,
				9F0C6EF91A7A633900B0BAA2 /* Resources */,
			);
			buildRules = (
			);
			dependencies = (
				9F0C6EFD1A7A633900B0BAA2 /* PBXTargetDependency */,
			);
			name = CartoonVideoTests;
			productName = CartoonVideoTests;
			productReference = 9F0C6EFB1A7A633900B0BAA2 /* CartoonVideoTests.xctest */;
			productType = "com.apple.product-type.bundle.unit-test";
		};
/* End PBXNativeTarget section */

/* Begin PBXProject section */
		9F0C6EDE1A7A633900B0BAA2 /* Project object */ = {
			isa = PBXProject;
			attributes = {
				LastSwiftMigration = 0700;
				LastSwiftUpdateCheck = 0700;
				LastUpgradeCheck = 0700;
				ORGANIZATIONNAME = KiwiMobile;
				TargetAttributes = {
					9F0C6EE51A7A633900B0BAA2 = {
						CreatedOnToolsVersion = 6.1.1;
						DevelopmentTeam = RMM2MT8JWE;
					};
					9F0C6EFA1A7A633900B0BAA2 = {
						CreatedOnToolsVersion = 6.1.1;
						TestTargetID = 9F0C6EE51A7A633900B0BAA2;
					};
				};
			};
			buildConfigurationList = 9F0C6EE11A7A633900B0BAA2 /* Build configuration list for PBXProject "CartoonVideo" */;
			compatibilityVersion = "Xcode 3.2";
			developmentRegion = English;
			hasScannedForEncodings = 0;
			knownRegions = (
				en,
				Base,
			);
			mainGroup = 9F0C6EDD1A7A633900B0BAA2;
			productRefGroup = 9F0C6EE71A7A633900B0BAA2 /* Products */;
			projectDirPath = "";
			projectRoot = "";
			targets = (
				9F0C6EE51A7A633900B0BAA2 /* CartoonVideo */,
				9F0C6EFA1A7A633900B0BAA2 /* CartoonVideoTests */,
			);
		};
/* End PBXProject section */

/* Begin PBXResourcesBuildPhase section */
		9F0C6EE41A7A633900B0BAA2 /* Resources */ = {
			isa = PBXResourcesBuildPhase;
			buildActionMask = 2147483647;
			files = (
				9F0C6EF11A7A633900B0BAA2 /* Main.storyboard in Resources */,
				9F40F0E21A9653D6007C7FC7 /* ViewController in Resources */,
				9F819B3D1A97EC0900C9F2EC /* mzl.jxidcxos.png in Resources */,
				9F0C6EF61A7A633900B0BAA2 /* LaunchScreen.xib in Resources */,
				9F0C6EF31A7A633900B0BAA2 /* Images.xcassets in Resources */,
			);
			runOnlyForDeploymentPostprocessing = 0;
		};
		9F0C6EF91A7A633900B0BAA2 /* Resources */ = {
			isa = PBXResourcesBuildPhase;
			buildActionMask = 2147483647;
			files = (
			);
			runOnlyForDeploymentPostprocessing = 0;
		};
/* End PBXResourcesBuildPhase section */

/* Begin PBXShellScriptBuildPhase section */
		017E065461E09399DA68DB5C /* Check Pods Manifest.lock */ = {
			isa = PBXShellScriptBuildPhase;
			buildActionMask = 2147483647;
			files = (
			);
			inputPaths = (
			);
			name = "Check Pods Manifest.lock";
			outputPaths = (
			);
			runOnlyForDeploymentPostprocessing = 0;
			shellPath = /bin/sh;
			shellScript = "diff \"${PODS_ROOT}/../Podfile.lock\" \"${PODS_ROOT}/Manifest.lock\" > /dev/null\nif [[ $? != 0 ]] ; then\n    cat << EOM\nerror: The sandbox is not in sync with the Podfile.lock. Run 'pod install' or update your CocoaPods installation.\nEOM\n    exit 1\nfi\n";
			showEnvVarsInLog = 0;
		};
		998A089B11D90EDBAB83E653 /* Copy Pods Resources */ = {
			isa = PBXShellScriptBuildPhase;
			buildActionMask = 2147483647;
			files = (
			);
			inputPaths = (
			);
			name = "Copy Pods Resources";
			outputPaths = (
			);
			runOnlyForDeploymentPostprocessing = 0;
			shellPath = /bin/sh;
			shellScript = "\"${SRCROOT}/Pods/Target Support Files/Pods/Pods-resources.sh\"\n";
			showEnvVarsInLog = 0;
		};
/* End PBXShellScriptBuildPhase section */

/* Begin PBXSourcesBuildPhase section */
		9F0C6EE21A7A633900B0BAA2 /* Sources */ = {
			isa = PBXSourcesBuildPhase;
			buildActionMask = 2147483647;
			files = (
				9F40F0E01A963B0D007C7FC7 /* Effect.swift in Sources */,
				9F0C6EEE1A7A633900B0BAA2 /* ViewController.swift in Sources */,
				9FF324591A99027700F58142 /* AKPickerView.swift in Sources */,
				9F0C6EEC1A7A633900B0BAA2 /* AppDelegate.swift in Sources */,
			);
			runOnlyForDeploymentPostprocessing = 0;
		};
		9F0C6EF71A7A633900B0BAA2 /* Sources */ = {
			isa = PBXSourcesBuildPhase;
			buildActionMask = 2147483647;
			files = (
				9F0C6F021A7A633900B0BAA2 /* CartoonVideoTests.swift in Sources */,
			);
			runOnlyForDeploymentPostprocessing = 0;
		};
/* End PBXSourcesBuildPhase section */

/* Begin PBXTargetDependency section */
		9F0C6EFD1A7A633900B0BAA2 /* PBXTargetDependency */ = {
			isa = PBXTargetDependency;
			target = 9F0C6EE51A7A633900B0BAA2 /* CartoonVideo */;
			targetProxy = 9F0C6EFC1A7A633900B0BAA2 /* PBXContainerItemProxy */;
		};
/* End PBXTargetDependency section */

/* Begin PBXVariantGroup section */
		9F0C6EEF1A7A633900B0BAA2 /* Main.storyboard */ = {
			isa = PBXVariantGroup;
			children = (
				9F0C6EF01A7A633900B0BAA2 /* Base */,
			);
			name = Main.storyboard;
			sourceTree = "<group>";
		};
		9F0C6EF41A7A633900B0BAA2 /* LaunchScreen.xib */ = {
			isa = PBXVariantGroup;
			children = (
				9F0C6EF51A7A633900B0BAA2 /* Base */,
			);
			name = LaunchScreen.xib;
			sourceTree = "<group>";
		};
/* End PBXVariantGroup section */

/* Begin XCBuildConfiguration section */
		9F0C6F031A7A633900B0BAA2 /* Debug */ = {
			isa = XCBuildConfiguration;
			buildSettings = {
				ALWAYS_SEARCH_USER_PATHS = NO;
				CLANG_CXX_LANGUAGE_STANDARD = "gnu++0x";
				CLANG_CXX_LIBRARY = "libc++";
				CLANG_ENABLE_MODULES = YES;
				CLANG_ENABLE_OBJC_ARC = YES;
				CLANG_WARN_BOOL_CONVERSION = YES;
				CLANG_WARN_CONSTANT_CONVERSION = YES;
				CLANG_WARN_DIRECT_OBJC_ISA_USAGE = YES_ERROR;
				CLANG_WARN_EMPTY_BODY = YES;
				CLANG_WARN_ENUM_CONVERSION = YES;
				CLANG_WARN_INT_CONVERSION = YES;
				CLANG_WARN_OBJC_ROOT_CLASS = YES_ERROR;
				CLANG_WARN_UNREACHABLE_CODE = YES;
				CLANG_WARN__DUPLICATE_METHOD_MATCH = YES;
				"CODE_SIGN_IDENTITY[sdk=iphoneos*]" = "iPhone Developer";
				COPY_PHASE_STRIP = NO;
				ENABLE_STRICT_OBJC_MSGSEND = YES;
				ENABLE_TESTABILITY = YES;
				GCC_C_LANGUAGE_STANDARD = gnu99;
				GCC_DYNAMIC_NO_PIC = NO;
				GCC_OPTIMIZATION_LEVEL = 0;
				GCC_PREPROCESSOR_DEFINITIONS = (
					"DEBUG=1",
					"$(inherited)",
				);
				GCC_SYMBOLS_PRIVATE_EXTERN = NO;
				GCC_WARN_64_TO_32_BIT_CONVERSION = YES;
				GCC_WARN_ABOUT_RETURN_TYPE = YES_ERROR;
				GCC_WARN_UNDECLARED_SELECTOR = YES;
				GCC_WARN_UNINITIALIZED_AUTOS = YES_AGGRESSIVE;
				GCC_WARN_UNUSED_FUNCTION = YES;
				GCC_WARN_UNUSED_VARIABLE = YES;
				IPHONEOS_DEPLOYMENT_TARGET = 8.0;
				MTL_ENABLE_DEBUG_INFO = YES;
				ONLY_ACTIVE_ARCH = YES;
				SDKROOT = iphoneos;
				SWIFT_OPTIMIZATION_LEVEL = "-Onone";
				TARGETED_DEVICE_FAMILY = "1,2";
			};
			name = Debug;
		};
		9F0C6F041A7A633900B0BAA2 /* Release */ = {
			isa = XCBuildConfiguration;
			buildSettings = {
				ALWAYS_SEARCH_USER_PATHS = NO;
				CLANG_CXX_LANGUAGE_STANDARD = "gnu++0x";
				CLANG_CXX_LIBRARY = "libc++";
				CLANG_ENABLE_MODULES = YES;
				CLANG_ENABLE_OBJC_ARC = YES;
				CLANG_WARN_BOOL_CONVERSION = YES;
				CLANG_WARN_CONSTANT_CONVERSION = YES;
				CLANG_WARN_DIRECT_OBJC_ISA_USAGE = YES_ERROR;
				CLANG_WARN_EMPTY_BODY = YES;
				CLANG_WARN_ENUM_CONVERSION = YES;
				CLANG_WARN_INT_CONVERSION = YES;
				CLANG_WARN_OBJC_ROOT_CLASS = YES_ERROR;
				CLANG_WARN_UNREACHABLE_CODE = YES;
				CLANG_WARN__DUPLICATE_METHOD_MATCH = YES;
				"CODE_SIGN_IDENTITY[sdk=iphoneos*]" = "iPhone Developer";
				COPY_PHASE_STRIP = YES;
				ENABLE_NS_ASSERTIONS = NO;
				ENABLE_STRICT_OBJC_MSGSEND = YES;
				GCC_C_LANGUAGE_STANDARD = gnu99;
				GCC_WARN_64_TO_32_BIT_CONVERSION = YES;
				GCC_WARN_ABOUT_RETURN_TYPE = YES_ERROR;
				GCC_WARN_UNDECLARED_SELECTOR = YES;
				GCC_WARN_UNINITIALIZED_AUTOS = YES_AGGRESSIVE;
				GCC_WARN_UNUSED_FUNCTION = YES;
				GCC_WARN_UNUSED_VARIABLE = YES;
				IPHONEOS_DEPLOYMENT_TARGET = 8.0;
				MTL_ENABLE_DEBUG_INFO = NO;
				SDKROOT = iphoneos;
				TARGETED_DEVICE_FAMILY = "1,2";
				VALIDATE_PRODUCT = YES;
			};
			name = Release;
		};
		9F0C6F061A7A633900B0BAA2 /* Debug */ = {
			isa = XCBuildConfiguration;
			buildSettings = {
				ASSETCATALOG_COMPILER_APPICON_NAME = AppIcon;
				CODE_SIGN_IDENTITY = "iPhone Developer";
				INFOPLIST_FILE = CartoonVideo/Info.plist;
				IPHONEOS_DEPLOYMENT_TARGET = 9.0;
				LD_RUNPATH_SEARCH_PATHS = "$(inherited) @executable_path/Frameworks";
				PRODUCT_BUNDLE_IDENTIFIER = "fr.KiwiMobile.$(PRODUCT_NAME:rfc1034identifier)";
				PRODUCT_NAME = "$(TARGET_NAME)";
			};
			name = Debug;
		};
		9F0C6F071A7A633900B0BAA2 /* Release */ = {
			isa = XCBuildConfiguration;
			buildSettings = {
				ASSETCATALOG_COMPILER_APPICON_NAME = AppIcon;
				CODE_SIGN_IDENTITY = "iPhone Developer";
				INFOPLIST_FILE = CartoonVideo/Info.plist;
				IPHONEOS_DEPLOYMENT_TARGET = 9.0;
				LD_RUNPATH_SEARCH_PATHS = "$(inherited) @executable_path/Frameworks";
				PRODUCT_BUNDLE_IDENTIFIER = "fr.KiwiMobile.$(PRODUCT_NAME:rfc1034identifier)";
				PRODUCT_NAME = "$(TARGET_NAME)";
			};
			name = Release;
		};
		9F0C6F091A7A633900B0BAA2 /* Debug */ = {
			isa = XCBuildConfiguration;
			buildSettings = {
				BUNDLE_LOADER = "$(TEST_HOST)";
				FRAMEWORK_SEARCH_PATHS = (
					"$(SDKROOT)/Developer/Library/Frameworks",
					"$(inherited)",
				);
				GCC_PREPROCESSOR_DEFINITIONS = (
					"DEBUG=1",
					"$(inherited)",
				);
				INFOPLIST_FILE = CartoonVideoTests/Info.plist;
				LD_RUNPATH_SEARCH_PATHS = "$(inherited) @executable_path/Frameworks @loader_path/Frameworks";
				PRODUCT_BUNDLE_IDENTIFIER = "fr.KiwiMobile.$(PRODUCT_NAME:rfc1034identifier)";
				PRODUCT_NAME = "$(TARGET_NAME)";
				TEST_HOST = "$(BUILT_PRODUCTS_DIR)/CartoonVideo.app/CartoonVideo";
			};
			name = Debug;
		};
		9F0C6F0A1A7A633900B0BAA2 /* Release */ = {
			isa = XCBuildConfiguration;
			buildSettings = {
				BUNDLE_LOADER = "$(TEST_HOST)";
				FRAMEWORK_SEARCH_PATHS = (
					"$(SDKROOT)/Developer/Library/Frameworks",
					"$(inherited)",
				);
				INFOPLIST_FILE = CartoonVideoTests/Info.plist;
				LD_RUNPATH_SEARCH_PATHS = "$(inherited) @executable_path/Frameworks @loader_path/Frameworks";
				PRODUCT_BUNDLE_IDENTIFIER = "fr.KiwiMobile.$(PRODUCT_NAME:rfc1034identifier)";
				PRODUCT_NAME = "$(TARGET_NAME)";
				TEST_HOST = "$(BUILT_PRODUCTS_DIR)/CartoonVideo.app/CartoonVideo";
			};
			name = Release;
		};
/* End XCBuildConfiguration section */

/* Begin XCConfigurationList section */
		9F0C6EE11A7A633900B0BAA2 /* Build configuration list for PBXProject "CartoonVideo" */ = {
			isa = XCConfigurationList;
			buildConfigurations = (
				9F0C6F031A7A633900B0BAA2 /* Debug */,
				9F0C6F041A7A633900B0BAA2 /* Release */,
			);
			defaultConfigurationIsVisible = 0;
			defaultConfigurationName = Release;
		};
		9F0C6F051A7A633900B0BAA2 /* Build configuration list for PBXNativeTarget "CartoonVideo" */ = {
			isa = XCConfigurationList;
			buildConfigurations = (
				9F0C6F061A7A633900B0BAA2 /* Debug */,
				9F0C6F071A7A633900B0BAA2 /* Release */,
			);
			defaultConfigurationIsVisible = 0;
			defaultConfigurationName = Release;
		};
		9F0C6F081A7A633900B0BAA2 /* Build configuration list for PBXNativeTarget "CartoonVideoTests" */ = {
			isa = XCConfigurationList;
			buildConfigurations = (
				9F0C6F091A7A633900B0BAA2 /* Debug */,
				9F0C6F0A1A7A633900B0BAA2 /* Release */,
			);
			defaultConfigurationIsVisible = 0;
			defaultConfigurationName = Release;
		};
/* End XCConfigurationList section */
	};
	rootObject = 9F0C6EDE1A7A633900B0BAA2 /* Project object */;
}
